// !$*UTF8*$!
{
	archiveVersion = 1;
	classes = {
	};
	objectVersion = 46;
	objects = {

/* Begin PBXBuildFile section */
		D4D6E2161B2B7DAC0001C2D9 /* main.m in Sources */ = {isa = PBXBuildFile; fileRef = D4D6E2151B2B7DAC0001C2D9 /* main.m */; };
/* End PBXBuildFile section */

/* Begin PBXCopyFilesBuildPhase section */
		D4D6E2101B2B7DAC0001C2D9 /* CopyFiles */ = {
			isa = PBXCopyFilesBuildPhase;
			buildActionMask = 2147483647;
			dstPath = /usr/share/man/man1/;
			dstSubfolderSpec = 0;
			files = (
			);
			runOnlyForDeploymentPostprocessing = 1;
		};
/* End PBXCopyFilesBuildPhase section */

/* Begin PBXFileReference section */
		D4D6E2121B2B7DAC0001C2D9 /* wordAdventure */ = {isa = PBXFileReference; explicitFileType = "compiled.mach-o.executable"; includeInIndex = 0; path = wordAdventure; sourceTree = BUILT_PRODUCTS_DIR; };
		D4D6E2151B2B7DAC0001C2D9 /* main.m */ = {isa = PBXFileReference; lastKnownFileType = sourcecode.c.objc; path = main.m; sourceTree = "<group>"; };
/* End PBXFileReference section */

/* Begin PBXFrameworksBuildPhase section */
		D4D6E20F1B2B7DAC0001C2D9 /* Frameworks */ = {
			isa = PBXFrameworksBuildPhase;
			buildActionMask = 2147483647;
			files = (
			);
			runOnlyForDeploymentPostprocessing = 0;
		};
/* End PBXFrameworksBuildPhase section */

/* Begin PBXGroup section */
		D4D6E2091B2B7DAC0001C2D9 = {
			isa = PBXGroup;
			children = (
				D4D6E2141B2B7DAC0001C2D9 /* wordAdventure */,
				D4D6E2131B2B7DAC0001C2D9 /* Products */,
			);
			sourceTree = "<group>";
		};
		D4D6E2131B2B7DAC0001C2D9 /* Products */ = {
			isa = PBXGroup;
			children = (
				D4D6E2121B2B7DAC0001C2D9 /* wordAdventure */,
			);
			name = Products;
			sourceTree = "<group>";
		};
		D4D6E2141B2B7DAC0001C2D9 /* wordAdventure */ = {
			isa = PBXGroup;
			children = (
				D4D6E2151B2B7DAC0001C2D9 /* main.m */,
			);
			path = wordAdventure;
			sourceTree = "<group>";
		};
/* End PBXGroup section */

/* Begin PBXNativeTarget section */
		D4D6E2111B2B7DAC0001C2D9 /* wordAdventure */ = {
			isa = PBXNativeTarget;
			buildConfigurationList = D4D6E2191B2B7DAC0001C2D9 /* Build configuration list for PBXNativeTarget "wordAdventure" */;
			buildPhases = (
				D4D6E20E1B2B7DAC0001C2D9 /* Sources */,
				D4D6E20F1B2B7DAC0001C2D9 /* Frameworks */,
				D4D6E2101B2B7DAC0001C2D9 /* CopyFiles */,
			);
			buildRules = (
			);
			dependencies = (
			);
			name = wordAdventure;
			productName = wordAdventure;
			productReference = D4D6E2121B2B7DAC0001C2D9 /* wordAdventure */;
			productType = "com.apple.product-type.tool";
		};
/* End PBXNativeTarget section */

/* Begin PBXProject section */
		D4D6E20A1B2B7DAC0001C2D9 /* Project object */ = {
			isa = PBXProject;
			attributes = {
				LastUpgradeCheck = 0630;
				ORGANIZATIONNAME = "Jason Wang";
				TargetAttributes = {
					D4D6E2111B2B7DAC0001C2D9 = {
						CreatedOnToolsVersion = 6.3.2;
					};
				};
			};
			buildConfigurationList = D4D6E20D1B2B7DAC0001C2D9 /* Build configuration list for PBXProject "wordAdventure" */;
			compatibilityVersion = "Xcode 3.2";
			developmentRegion = English;
			hasScannedForEncodings = 0;
			knownRegions = (
				en,
			);
			mainGroup = D4D6E2091B2B7DAC0001C2D9;
			productRefGroup = D4D6E2131B2B7DAC0001C2D9 /* Products */;
			projectDirPath = "";
			projectRoot = "";
			targets = (
				D4D6E2111B2B7DAC0001C2D9 /* wordAdventure */,
			);
		};
/* End PBXProject section */

/* Begin PBXSourcesBuildPhase section */
		D4D6E20E1B2B7DAC0001C2D9 /* Sources */ = {
			isa = PBXSourcesBuildPhase;
			buildActionMask = 2147483647;
			files = (
				D4D6E2161B2B7DAC0001C2D9 /* main.m in Sources */,
			);
			runOnlyForDeploymentPostprocessing = 0;
		};
/* End PBXSourcesBuildPhase section */

/* Begin XCBuildConfiguration section */
		D4D6E2171B2B7DAC0001C2D9 /* Debug */ = {
			isa = XCBuildConfiguration;
			buildSettings = {
				ALWAYS_SEARCH_USER_PATHS = NO;
				CLANG_CXX_LANGUAGE_STANDARD = "gnu++0x";
				CLANG_CXX_LIBRARY = "libc++";
				CLANG_ENABLE_MODULES = YES;
				CLANG_ENABLE_OBJC_ARC = YES;
				CLANG_WARN_BOOL_CONVERSION = YES;
				CLANG_WARN_CONSTANT_CONVERSION = YES;
				CLANG_WARN_DIRECT_OBJC_ISA_USAGE = YES_ERROR;
				CLANG_WARN_EMPTY_BODY = YES;
				CLANG_WARN_ENUM_CONVERSION = YES;
				CLANG_WARN_INT_CONVERSION = YES;
				CLANG_WARN_OBJC_ROOT_CLASS = YES_ERROR;
				CLANG_WARN_UNREACHABLE_CODE = YES;
				CLANG_WARN__DUPLICATE_METHOD_MATCH = YES;
				COPY_PHASE_STRIP = NO;
				DEBUG_INFORMATION_FORMAT = dwarf;
				ENABLE_STRICT_OBJC_MSGSEND = YES;
				GCC_C_LANGUAGE_STANDARD = gnu99;
				GCC_DYNAMIC_NO_PIC = NO;
				GCC_NO_COMMON_BLOCKS = YES;
				GCC_OPTIMIZATION_LEVEL = 0;
				GCC_PREPROCESSOR_DEFINITIONS = (
					"DEBUG=1",
					"$(inherited)",
				);
				GCC_SYMBOLS_PRIVATE_EXTERN = NO;
				GCC_WARN_64_TO_32_BIT_CONVERSION = YES;
				GCC_WARN_ABOUT_RETURN_TYPE = YES_ERROR;
				GCC_WARN_UNDECLARED_SELECTOR = YES;
				GCC_WARN_UNINITIALIZED_AUTOS = YES_AGGRESSIVE;
				GCC_WARN_UNUSED_FUNCTION = YES;
				GCC_WARN_UNUSED_VARIABLE = YES;
				MACOSX_DEPLOYMENT_TARGET = 10.10;
				MTL_ENABLE_DEBUG_INFO = YES;
				ONLY_ACTIVE_ARCH = YES;
				SDKROOT = macosx;
			};
			name = Debug;
		};
		D4D6E2181B2B7DAC0001C2D9 /* Release */ = {
			isa = XCBuildConfiguration;
			buildSettings = {
				ALWAYS_SEARCH_USER_PATHS = NO;
				CLANG_CXX_LANGUAGE_STANDARD = "gnu++0x";
				CLANG_CXX_LIBRARY = "libc++";
				CLANG_ENABLE_MODULES = YES;
				CLANG_ENABLE_OBJC_ARC = YES;
				CLANG_WARN_BOOL_CONVERSION = YES;
				CLANG_WARN_CONSTANT_CONVERSION = YES;
				CLANG_WARN_DIRECT_OBJC_ISA_USAGE = YES_ERROR;
				CLANG_WARN_EMPTY_BODY = YES;
				CLANG_WARN_ENUM_CONVERSION = YES;
				CLANG_WARN_INT_CONVERSION = YES;
				CLANG_WARN_OBJC_ROOT_CLASS = YES_ERROR;
				CLANG_WARN_UNREACHABLE_CODE = YES;
				CLANG_WARN__DUPLICATE_METHOD_MATCH = YES;
				COPY_PHASE_STRIP = NO;
				DEBUG_INFORMATION_FORMAT = "dwarf-with-dsym";
				ENABLE_NS_ASSERTIONS = NO;
				ENABLE_STRICT_OBJC_MSGSEND = YES;
				GCC_C_LANGUAGE_STANDARD = gnu99;
				GCC_NO_COMMON_BLOCKS = YES;
				GCC_WARN_64_TO_32_BIT_CONVERSION = YES;
				GCC_WARN_ABOUT_RETURN_TYPE = YES_ERROR;
				GCC_WARN_UNDECLARED_SELECTOR = YES;
				GCC_WARN_UNINITIALIZED_AUTOS = YES_AGGRESSIVE;
				GCC_WARN_UNUSED_FUNCTION = YES;
				GCC_WARN_UNUSED_VARIABLE = YES;
				MACOSX_DEPLOYMENT_TARGET = 10.10;
				MTL_ENABLE_DEBUG_INFO = NO;
				SDKROOT = macosx;
			};
			name = Release;
		};
		D4D6E21A1B2B7DAC0001C2D9 /* Debug */ = {
			isa = XCBuildConfiguration;
			buildSettings = {
				PRODUCT_NAME = "$(TARGET_NAME)";
			};
			name = Debug;
		};
		D4D6E21B1B2B7DAC0001C2D9 /* Release */ = {
			isa = XCBuildConfiguration;
			buildSettings = {
				PRODUCT_NAME = "$(TARGET_NAME)";
			};
			name = Release;
		};
/* End XCBuildConfiguration section */

/* Begin XCConfigurationList section */
		D4D6E20D1B2B7DAC0001C2D9 /* Build configuration list for PBXProject "wordAdventure" */ = {
			isa = XCConfigurationList;
			buildConfigurations = (
				D4D6E2171B2B7DAC0001C2D9 /* Debug */,
				D4D6E2181B2B7DAC0001C2D9 /* Release */,
			);
			defaultConfigurationIsVisible = 0;
			defaultConfigurationName = Release;
		};
		D4D6E2191B2B7DAC0001C2D9 /* Build configuration list for PBXNativeTarget "wordAdventure" */ = {
			isa = XCConfigurationList;
			buildConfigurations = (
				D4D6E21A1B2B7DAC0001C2D9 /* Debug */,
				D4D6E21B1B2B7DAC0001C2D9 /* Release */,
			);
			defaultConfigurationIsVisible = 0;
		};
/* End XCConfigurationList section */
	};
	rootObject = D4D6E20A1B2B7DAC0001C2D9 /* Project object */;
}
